// !$*UTF8*$!
{
	archiveVersion = 1;
	classes = {
	};
	objectVersion = 77;
	objects = {

/* Begin PBXBuildFile section */
		0551B0510554C64835B7A27E /* SettingsView.swift in Sources */ = {isa = PBXBuildFile; fileRef = 1CC33549E306444FE996F54E /* SettingsView.swift */; };
		1676BFD570D93F2A5078F9DA /* IntentionColor+UI.swift in Sources */ = {isa = PBXBuildFile; fileRef = 41FFE0591B50587CD47DB91C /* IntentionColor+UI.swift */; };
		171C8604FD06085E5A421E64 /* Localizable.xcstrings in Resources */ = {isa = PBXBuildFile; fileRef = 222A5C6AABD094B5A9E74080 /* Localizable.xcstrings */; };
		1F8B31513EE2973DA69D78A6 /* PrayerReminderScheduler.swift in Sources */ = {isa = PBXBuildFile; fileRef = AE7E5CF551686D545526FF84 /* PrayerReminderScheduler.swift */; };
		225BED6B00705BD20D8BF9DA /* observances in Resources */ = {isa = PBXBuildFile; fileRef = 76B0A5092C9E7AE18E2C554A /* observances */; };
		25173897BB93CC95D57F46EF /* Assets.xcassets in Resources */ = {isa = PBXBuildFile; fileRef = E38EF9AB3FECD7DF7210EE17 /* Assets.xcassets */; };
		25A3DF8D6B700DD1150B968F /* IntentionCadence+Label.swift in Sources */ = {isa = PBXBuildFile; fileRef = CFFBDF65E7A2930B0D920516 /* IntentionCadence+Label.swift */; };
		2CB6967B2837C13AB595BB41 /* SafariView.swift in Sources */ = {isa = PBXBuildFile; fileRef = 522D7FBE1F5251153AA96EEE /* SafariView.swift */; };
		360DA44C38731A4205091E4E /* FormSectionHeader.swift in Sources */ = {isa = PBXBuildFile; fileRef = 660A55540DE2CB5337D57FB8 /* FormSectionHeader.swift */; };
		3642C6C2420D772653DE0FBA /* QuarterHourTimePicker.swift in Sources */ = {isa = PBXBuildFile; fileRef = 9B59DDCCF00374916CFA57E7 /* QuarterHourTimePicker.swift */; };
		3F5774E3B8639CE0CF97F459 /* KeychainStore.swift in Sources */ = {isa = PBXBuildFile; fileRef = E8339EC2B7D89F436D9CBB1C /* KeychainStore.swift */; };
		42D9548EDEF193F0D7515212 /* App in Frameworks */ = {isa = PBXBuildFile; productRef = 7E3691C5498E1B0EA15431F3 /* App */; };
		537D818CF132B170682CE332 /* TodayView.swift in Sources */ = {isa = PBXBuildFile; fileRef = 4C063053B92EB5DBF3FC18EC /* TodayView.swift */; };
		66B3132268A97D1920C65592 /* IntentionDetailView.swift in Sources */ = {isa = PBXBuildFile; fileRef = 2660C97580160CFFAD56AA57 /* IntentionDetailView.swift */; };
		792C7945B52FD4D2C5A3CCE0 /* ObservancesCatalog.swift in Sources */ = {isa = PBXBuildFile; fileRef = 72884BE51EC193019E354D6E /* ObservancesCatalog.swift */; };
		7B3EA9012A7B3313FC38DE5C /* AppLanguage.swift in Sources */ = {isa = PBXBuildFile; fileRef = DB8461E1A4DF8ED323F5A22F /* AppLanguage.swift */; };
		87C5607FBDE17418C0FC0823 /* CalendarView.swift in Sources */ = {isa = PBXBuildFile; fileRef = 9E3EFC9DB3D14C408F49881B /* CalendarView.swift */; };
		8B3033F088C9C5A41B134E16 /* Shared in Frameworks */ = {isa = PBXBuildFile; productRef = 08AC2D01ADA7F6920CE288A4 /* Shared */; };
		9676580860F1F3269772EF02 /* Appearance.swift in Sources */ = {isa = PBXBuildFile; fileRef = 6919AFC91DCFABD766110A09 /* Appearance.swift */; };
		9B55579D358FA5E5236B661B /* Theme.swift in Sources */ = {isa = PBXBuildFile; fileRef = 24AA3D2FA59759775B89B801 /* Theme.swift */; };
		9E1DA2A604C6B70754C5B860 /* KeyValueStore.swift in Sources */ = {isa = PBXBuildFile; fileRef = 01A6154DD6BB9C8B386688C7 /* KeyValueStore.swift */; };
		B043510AD9DC2010BBFFE6C8 /* LiturgicalDay+Label.swift in Sources */ = {isa = PBXBuildFile; fileRef = 415E8E815C59201119DED60C /* LiturgicalDay+Label.swift */; };
		B732D0377E04819944429B06 /* core.swift in Sources */ = {isa = PBXBuildFile; fileRef = 8C314023CD429346511CA770 /* core.swift */; };
		B7D00AE3D7C995797DC9E1D7 /* AccountView.swift in Sources */ = {isa = PBXBuildFile; fileRef = 35B14AB38107C5DEB7421E41 /* AccountView.swift */; };
		BFF0B7FF8EC560B4B8A568DA /* ImploreApp.swift in Sources */ = {isa = PBXBuildFile; fileRef = 88B7CBF1A3DEBAC5D4CEBAEB /* ImploreApp.swift */; };
		D9618191435872739BC5A228 /* AddIntentionView.swift in Sources */ = {isa = PBXBuildFile; fileRef = AFACE892EFC72A1A3EAF3CEC /* AddIntentionView.swift */; };
		F97E546352BAE2FFD29C4425 /* SaintPickerView.swift in Sources */ = {isa = PBXBuildFile; fileRef = D1D3C646D12BD2AFA50041E1 /* SaintPickerView.swift */; };
		FF9A9FB9D144C0445C1318CD /* ContentView.swift in Sources */ = {isa = PBXBuildFile; fileRef = 61FBEEDA513A25C4FC4E51C0 /* ContentView.swift */; };
/* End PBXBuildFile section */

/* Begin PBXFileReference section */
		01A6154DD6BB9C8B386688C7 /* KeyValueStore.swift */ = {isa = PBXFileReference; lastKnownFileType = sourcecode.swift; path = KeyValueStore.swift; sourceTree = "<group>"; };
		1CC33549E306444FE996F54E /* SettingsView.swift */ = {isa = PBXFileReference; lastKnownFileType = sourcecode.swift; path = SettingsView.swift; sourceTree = "<group>"; };
		222A5C6AABD094B5A9E74080 /* Localizable.xcstrings */ = {isa = PBXFileReference; lastKnownFileType = text.json.xcstrings; path = Localizable.xcstrings; sourceTree = "<group>"; };
		24AA3D2FA59759775B89B801 /* Theme.swift */ = {isa = PBXFileReference; lastKnownFileType = sourcecode.swift; path = Theme.swift; sourceTree = "<group>"; };
		251E98733EC880B827C7660A /* App */ = {isa = PBXFileReference; lastKnownFileType = folder; name = App; path = generated/App; sourceTree = SOURCE_ROOT; };
		2660C97580160CFFAD56AA57 /* IntentionDetailView.swift */ = {isa = PBXFileReference; lastKnownFileType = sourcecode.swift; path = IntentionDetailView.swift; sourceTree = "<group>"; };
		35B14AB38107C5DEB7421E41 /* AccountView.swift */ = {isa = PBXFileReference; lastKnownFileType = sourcecode.swift; path = AccountView.swift; sourceTree = "<group>"; };
		415E8E815C59201119DED60C /* LiturgicalDay+Label.swift */ = {isa = PBXFileReference; lastKnownFileType = sourcecode.swift; path = "LiturgicalDay+Label.swift"; sourceTree = "<group>"; };
		41FFE0591B50587CD47DB91C /* IntentionColor+UI.swift */ = {isa = PBXFileReference; lastKnownFileType = sourcecode.swift; path = "IntentionColor+UI.swift"; sourceTree = "<group>"; };
		4C063053B92EB5DBF3FC18EC /* TodayView.swift */ = {isa = PBXFileReference; lastKnownFileType = sourcecode.swift; path = TodayView.swift; sourceTree = "<group>"; };
		522D7FBE1F5251153AA96EEE /* SafariView.swift */ = {isa = PBXFileReference; lastKnownFileType = sourcecode.swift; path = SafariView.swift; sourceTree = "<group>"; };
		61FBEEDA513A25C4FC4E51C0 /* ContentView.swift */ = {isa = PBXFileReference; lastKnownFileType = sourcecode.swift; path = ContentView.swift; sourceTree = "<group>"; };
		660A55540DE2CB5337D57FB8 /* FormSectionHeader.swift */ = {isa = PBXFileReference; lastKnownFileType = sourcecode.swift; path = FormSectionHeader.swift; sourceTree = "<group>"; };
		6919AFC91DCFABD766110A09 /* Appearance.swift */ = {isa = PBXFileReference; lastKnownFileType = sourcecode.swift; path = Appearance.swift; sourceTree = "<group>"; };
		72884BE51EC193019E354D6E /* ObservancesCatalog.swift */ = {isa = PBXFileReference; lastKnownFileType = sourcecode.swift; path = ObservancesCatalog.swift; sourceTree = "<group>"; };
		76B0A5092C9E7AE18E2C554A /* observances */ = {isa = PBXFileReference; lastKnownFileType = folder; name = observances; path = ../content/observances; sourceTree = SOURCE_ROOT; };
		88B7CBF1A3DEBAC5D4CEBAEB /* ImploreApp.swift */ = {isa = PBXFileReference; lastKnownFileType = sourcecode.swift; path = ImploreApp.swift; sourceTree = "<group>"; };
		8C314023CD429346511CA770 /* core.swift */ = {isa = PBXFileReference; lastKnownFileType = sourcecode.swift; path = core.swift; sourceTree = "<group>"; };
		9B59DDCCF00374916CFA57E7 /* QuarterHourTimePicker.swift */ = {isa = PBXFileReference; lastKnownFileType = sourcecode.swift; path = QuarterHourTimePicker.swift; sourceTree = "<group>"; };
		9E3EFC9DB3D14C408F49881B /* CalendarView.swift */ = {isa = PBXFileReference; lastKnownFileType = sourcecode.swift; path = CalendarView.swift; sourceTree = "<group>"; };
		AE7E5CF551686D545526FF84 /* PrayerReminderScheduler.swift */ = {isa = PBXFileReference; lastKnownFileType = sourcecode.swift; path = PrayerReminderScheduler.swift; sourceTree = "<group>"; };
		AFACE892EFC72A1A3EAF3CEC /* AddIntentionView.swift */ = {isa = PBXFileReference; lastKnownFileType = sourcecode.swift; path = AddIntentionView.swift; sourceTree = "<group>"; };
		BF08D43EE2EA8AEB332BE687 /* Shared */ = {isa = PBXFileReference; lastKnownFileType = folder; name = Shared; path = generated/Shared; sourceTree = SOURCE_ROOT; };
		CFFBDF65E7A2930B0D920516 /* IntentionCadence+Label.swift */ = {isa = PBXFileReference; lastKnownFileType = sourcecode.swift; path = "IntentionCadence+Label.swift"; sourceTree = "<group>"; };
		D1D3C646D12BD2AFA50041E1 /* SaintPickerView.swift */ = {isa = PBXFileReference; lastKnownFileType = sourcecode.swift; path = SaintPickerView.swift; sourceTree = "<group>"; };
		DB8461E1A4DF8ED323F5A22F /* AppLanguage.swift */ = {isa = PBXFileReference; lastKnownFileType = sourcecode.swift; path = AppLanguage.swift; sourceTree = "<group>"; };
		E34EB11125ADB78C27A5BDB1 /* ImploreApp-iOS.app */ = {isa = PBXFileReference; includeInIndex = 0; lastKnownFileType = wrapper.application; path = "ImploreApp-iOS.app"; sourceTree = BUILT_PRODUCTS_DIR; };
		E38EF9AB3FECD7DF7210EE17 /* Assets.xcassets */ = {isa = PBXFileReference; lastKnownFileType = folder.assetcatalog; path = Assets.xcassets; sourceTree = "<group>"; };
		E8339EC2B7D89F436D9CBB1C /* KeychainStore.swift */ = {isa = PBXFileReference; lastKnownFileType = sourcecode.swift; path = KeychainStore.swift; sourceTree = "<group>"; };
/* End PBXFileReference section */

/* Begin PBXFrameworksBuildPhase section */
		D3446EBF54E8206FDF1F8955 /* Frameworks */ = {
			isa = PBXFrameworksBuildPhase;
			buildActionMask = 2147483647;
			files = (
				8B3033F088C9C5A41B134E16 /* Shared in Frameworks */,
				42D9548EDEF193F0D7515212 /* App in Frameworks */,
			);
			runOnlyForDeploymentPostprocessing = 0;
		};
/* End PBXFrameworksBuildPhase section */

/* Begin PBXGroup section */
		3756DE4ADEB56993409A32D0 = {
			isa = PBXGroup;
			children = (
				76B0A5092C9E7AE18E2C554A /* observances */,
				4AD4A10AA3D8FE9C33E27309 /* ImploreApp */,
				AE7FC0E8623E6DBBAC05A3F8 /* Packages */,
				BEE1F0E6019241F9B7CB55F5 /* Products */,
			);
			sourceTree = "<group>";
		};
		4AD4A10AA3D8FE9C33E27309 /* ImploreApp */ = {
			isa = PBXGroup;
			children = (
				35B14AB38107C5DEB7421E41 /* AccountView.swift */,
				AFACE892EFC72A1A3EAF3CEC /* AddIntentionView.swift */,
				6919AFC91DCFABD766110A09 /* Appearance.swift */,
				DB8461E1A4DF8ED323F5A22F /* AppLanguage.swift */,
				E38EF9AB3FECD7DF7210EE17 /* Assets.xcassets */,
				9E3EFC9DB3D14C408F49881B /* CalendarView.swift */,
				61FBEEDA513A25C4FC4E51C0 /* ContentView.swift */,
				8C314023CD429346511CA770 /* core.swift */,
				660A55540DE2CB5337D57FB8 /* FormSectionHeader.swift */,
				88B7CBF1A3DEBAC5D4CEBAEB /* ImploreApp.swift */,
				CFFBDF65E7A2930B0D920516 /* IntentionCadence+Label.swift */,
				41FFE0591B50587CD47DB91C /* IntentionColor+UI.swift */,
				2660C97580160CFFAD56AA57 /* IntentionDetailView.swift */,
				E8339EC2B7D89F436D9CBB1C /* KeychainStore.swift */,
				01A6154DD6BB9C8B386688C7 /* KeyValueStore.swift */,
				415E8E815C59201119DED60C /* LiturgicalDay+Label.swift */,
				222A5C6AABD094B5A9E74080 /* Localizable.xcstrings */,
				72884BE51EC193019E354D6E /* ObservancesCatalog.swift */,
				AE7E5CF551686D545526FF84 /* PrayerReminderScheduler.swift */,
				9B59DDCCF00374916CFA57E7 /* QuarterHourTimePicker.swift */,
				522D7FBE1F5251153AA96EEE /* SafariView.swift */,
				D1D3C646D12BD2AFA50041E1 /* SaintPickerView.swift */,
				1CC33549E306444FE996F54E /* SettingsView.swift */,
				24AA3D2FA59759775B89B801 /* Theme.swift */,
				4C063053B92EB5DBF3FC18EC /* TodayView.swift */,
			);
			path = ImploreApp;
			sourceTree = "<group>";
		};
		AE7FC0E8623E6DBBAC05A3F8 /* Packages */ = {
			isa = PBXGroup;
			children = (
				251E98733EC880B827C7660A /* App */,
				BF08D43EE2EA8AEB332BE687 /* Shared */,
			);
			name = Packages;
			sourceTree = "<group>";
		};
		BEE1F0E6019241F9B7CB55F5 /* Products */ = {
			isa = PBXGroup;
			children = (
				E34EB11125ADB78C27A5BDB1 /* ImploreApp-iOS.app */,
			);
			name = Products;
			sourceTree = "<group>";
		};
/* End PBXGroup section */

/* Begin PBXNativeTarget section */
		79A35BD35D3FAADD59D9016F /* ImploreApp-iOS */ = {
			isa = PBXNativeTarget;
			buildConfigurationList = 62931CB21BC3A7D7E32EF8E1 /* Build configuration list for PBXNativeTarget "ImploreApp-iOS" */;
			buildPhases = (
				E1FF7805A356334DF5F53A4F /* Sources */,
				055C91EFF310D615D2A00513 /* Resources */,
				D3446EBF54E8206FDF1F8955 /* Frameworks */,
			);
			buildRules = (
			);
			dependencies = (
			);
			name = "ImploreApp-iOS";
			packageProductDependencies = (
				08AC2D01ADA7F6920CE288A4 /* Shared */,
				7E3691C5498E1B0EA15431F3 /* App */,
			);
			productName = "ImploreApp-iOS";
			productReference = E34EB11125ADB78C27A5BDB1 /* ImploreApp-iOS.app */;
			productType = "com.apple.product-type.application";
		};
/* End PBXNativeTarget section */

/* Begin PBXProject section */
		0BC732325727D31669A1CDB7 /* Project object */ = {
			isa = PBXProject;
			attributes = {
				BuildIndependentTargetsInParallel = YES;
				LastUpgradeCheck = 1430;
				TargetAttributes = {
					79A35BD35D3FAADD59D9016F = {
						DevelopmentTeam = GN6M9254RZ;
						ProvisioningStyle = Automatic;
					};
				};
			};
			buildConfigurationList = 2219FD7D2573FFA25C39D86E /* Build configuration list for PBXProject "ImploreApp" */;
			developmentRegion = en;
			hasScannedForEncodings = 0;
			knownRegions = (
				Base,
				en,
				es,
				fr,
			);
			mainGroup = 3756DE4ADEB56993409A32D0;
			minimizedProjectReferenceProxies = 1;
			packageReferences = (
				060785234140001905595DE9 /* XCLocalSwiftPackageReference "generated/App" */,
				311EFDDBCBF76784A39060BB /* XCLocalSwiftPackageReference "generated/Shared" */,
			);
			preferredProjectObjectVersion = 77;
			productRefGroup = BEE1F0E6019241F9B7CB55F5 /* Products */;
			projectDirPath = "";
			projectRoot = "";
			targets = (
				79A35BD35D3FAADD59D9016F /* ImploreApp-iOS */,
			);
		};
/* End PBXProject section */

/* Begin PBXResourcesBuildPhase section */
		055C91EFF310D615D2A00513 /* Resources */ = {
			isa = PBXResourcesBuildPhase;
			buildActionMask = 2147483647;
			files = (
				25173897BB93CC95D57F46EF /* Assets.xcassets in Resources */,
				171C8604FD06085E5A421E64 /* Localizable.xcstrings in Resources */,
				225BED6B00705BD20D8BF9DA /* observances in Resources */,
			);
			runOnlyForDeploymentPostprocessing = 0;
		};
/* End PBXResourcesBuildPhase section */

/* Begin PBXSourcesBuildPhase section */
		E1FF7805A356334DF5F53A4F /* Sources */ = {
			isa = PBXSourcesBuildPhase;
			buildActionMask = 2147483647;
			files = (
				B7D00AE3D7C995797DC9E1D7 /* AccountView.swift in Sources */,
				D9618191435872739BC5A228 /* AddIntentionView.swift in Sources */,
				7B3EA9012A7B3313FC38DE5C /* AppLanguage.swift in Sources */,
				9676580860F1F3269772EF02 /* Appearance.swift in Sources */,
				87C5607FBDE17418C0FC0823 /* CalendarView.swift in Sources */,
				FF9A9FB9D144C0445C1318CD /* ContentView.swift in Sources */,
				360DA44C38731A4205091E4E /* FormSectionHeader.swift in Sources */,
				BFF0B7FF8EC560B4B8A568DA /* ImploreApp.swift in Sources */,
				25A3DF8D6B700DD1150B968F /* IntentionCadence+Label.swift in Sources */,
				1676BFD570D93F2A5078F9DA /* IntentionColor+UI.swift in Sources */,
				66B3132268A97D1920C65592 /* IntentionDetailView.swift in Sources */,
				9E1DA2A604C6B70754C5B860 /* KeyValueStore.swift in Sources */,
				3F5774E3B8639CE0CF97F459 /* KeychainStore.swift in Sources */,
				B043510AD9DC2010BBFFE6C8 /* LiturgicalDay+Label.swift in Sources */,
				792C7945B52FD4D2C5A3CCE0 /* ObservancesCatalog.swift in Sources */,
				1F8B31513EE2973DA69D78A6 /* PrayerReminderScheduler.swift in Sources */,
				3642C6C2420D772653DE0FBA /* QuarterHourTimePicker.swift in Sources */,
				2CB6967B2837C13AB595BB41 /* SafariView.swift in Sources */,
				F97E546352BAE2FFD29C4425 /* SaintPickerView.swift in Sources */,
				0551B0510554C64835B7A27E /* SettingsView.swift in Sources */,
				9B55579D358FA5E5236B661B /* Theme.swift in Sources */,
				537D818CF132B170682CE332 /* TodayView.swift in Sources */,
				B732D0377E04819944429B06 /* core.swift in Sources */,
			);
			runOnlyForDeploymentPostprocessing = 0;
		};
/* End PBXSourcesBuildPhase section */

/* Begin XCBuildConfiguration section */
		4A887CE22447E364F3471353 /* Release */ = {
			isa = XCBuildConfiguration;
			buildSettings = {
				ASSETCATALOG_COMPILER_APPICON_NAME = AppIcon;
				ASSETCATALOG_COMPILER_GLOBAL_ACCENT_COLOR_NAME = AccentColor;
				CODE_SIGN_IDENTITY = "Apple Development";
				CODE_SIGN_STYLE = Automatic;
				CURRENT_PROJECT_VERSION = 1;
				DEVELOPMENT_TEAM = GN6M9254RZ;
				INFOPLIST_FILE = "ImploreApp/Info-iOS.plist";
				IPHONEOS_DEPLOYMENT_TARGET = 18.0;
				LD_RUNPATH_SEARCH_PATHS = (
					"$(inherited)",
					"@executable_path/Frameworks",
				);
				MARKETING_VERSION = 0.1.0;
				PRODUCT_BUNDLE_IDENTIFIER = com.atgeo.implore;
				SDKROOT = iphoneos;
				TARGETED_DEVICE_FAMILY = 1;
			};
			name = Release;
		};
		4A913F2FCABD5AFD369ECE49 /* Debug */ = {
			isa = XCBuildConfiguration;
			buildSettings = {
				ASSETCATALOG_COMPILER_APPICON_NAME = AppIcon;
				ASSETCATALOG_COMPILER_GLOBAL_ACCENT_COLOR_NAME = AccentColor;
				CODE_SIGN_IDENTITY = "Apple Development";
				CODE_SIGN_STYLE = Automatic;
				CURRENT_PROJECT_VERSION = 1;
				DEVELOPMENT_TEAM = GN6M9254RZ;
				INFOPLIST_FILE = "ImploreApp/Info-iOS.plist";
				IPHONEOS_DEPLOYMENT_TARGET = 18.0;
				LD_RUNPATH_SEARCH_PATHS = (
					"$(inherited)",
					"@executable_path/Frameworks",
				);
				MARKETING_VERSION = 0.1.0;
				PRODUCT_BUNDLE_IDENTIFIER = com.atgeo.implore;
				SDKROOT = iphoneos;
				TARGETED_DEVICE_FAMILY = 1;
			};
			name = Debug;
		};
		95358DF5B18FB96FB174548A /* Release */ = {
			isa = XCBuildConfiguration;
			buildSettings = {
				ALWAYS_SEARCH_USER_PATHS = NO;
				CLANG_ANALYZER_NONNULL = YES;
				CLANG_ANALYZER_NUMBER_OBJECT_CONVERSION = YES_AGGRESSIVE;
				CLANG_CXX_LANGUAGE_STANDARD = "gnu++14";
				CLANG_CXX_LIBRARY = "libc++";
				CLANG_ENABLE_MODULES = YES;
				CLANG_ENABLE_OBJC_ARC = YES;
				CLANG_ENABLE_OBJC_WEAK = YES;
				CLANG_WARN_BLOCK_CAPTURE_AUTORELEASING = YES;
				CLANG_WARN_BOOL_CONVERSION = YES;
				CLANG_WARN_COMMA = YES;
				CLANG_WARN_CONSTANT_CONVERSION = YES;
				CLANG_WARN_DEPRECATED_OBJC_IMPLEMENTATIONS = YES;
				CLANG_WARN_DIRECT_OBJC_ISA_USAGE = YES_ERROR;
				CLANG_WARN_DOCUMENTATION_COMMENTS = YES;
				CLANG_WARN_EMPTY_BODY = YES;
				CLANG_WARN_ENUM_CONVERSION = YES;
				CLANG_WARN_INFINITE_RECURSION = YES;
				CLANG_WARN_INT_CONVERSION = YES;
				CLANG_WARN_NON_LITERAL_NULL_CONVERSION = YES;
				CLANG_WARN_OBJC_IMPLICIT_RETAIN_SELF = YES;
				CLANG_WARN_OBJC_LITERAL_CONVERSION = YES;
				CLANG_WARN_OBJC_ROOT_CLASS = YES_ERROR;
				CLANG_WARN_QUOTED_INCLUDE_IN_FRAMEWORK_HEADER = YES;
				CLANG_WARN_RANGE_LOOP_ANALYSIS = YES;
				CLANG_WARN_STRICT_PROTOTYPES = YES;
				CLANG_WARN_SUSPICIOUS_MOVE = YES;
				CLANG_WARN_UNGUARDED_AVAILABILITY = YES_AGGRESSIVE;
				CLANG_WARN_UNREACHABLE_CODE = YES;
				CLANG_WARN__DUPLICATE_METHOD_MATCH = YES;
				COPY_PHASE_STRIP = NO;
				DEBUG_INFORMATION_FORMAT = "dwarf-with-dsym";
				ENABLE_NS_ASSERTIONS = NO;
				ENABLE_STRICT_OBJC_MSGSEND = YES;
				GCC_C_LANGUAGE_STANDARD = gnu11;
				GCC_NO_COMMON_BLOCKS = YES;
				GCC_WARN_64_TO_32_BIT_CONVERSION = YES;
				GCC_WARN_ABOUT_RETURN_TYPE = YES_ERROR;
				GCC_WARN_UNDECLARED_SELECTOR = YES;
				GCC_WARN_UNINITIALIZED_AUTOS = YES_AGGRESSIVE;
				GCC_WARN_UNUSED_FUNCTION = YES;
				GCC_WARN_UNUSED_VARIABLE = YES;
				MTL_ENABLE_DEBUG_INFO = NO;
				MTL_FAST_MATH = YES;
				PRODUCT_NAME = "$(TARGET_NAME)";
				SDKROOT = iphoneos;
				SWIFT_COMPILATION_MODE = wholemodule;
				SWIFT_OPTIMIZATION_LEVEL = "-O";
				SWIFT_VERSION = 5.0;
			};
			name = Release;
		};
		D37FB396B1C29182E1C2190B /* Debug */ = {
			isa = XCBuildConfiguration;
			buildSettings = {
				ALWAYS_SEARCH_USER_PATHS = NO;
				CLANG_ANALYZER_NONNULL = YES;
				CLANG_ANALYZER_NUMBER_OBJECT_CONVERSION = YES_AGGRESSIVE;
				CLANG_CXX_LANGUAGE_STANDARD = "gnu++14";
				CLANG_CXX_LIBRARY = "libc++";
				CLANG_ENABLE_MODULES = YES;
				CLANG_ENABLE_OBJC_ARC = YES;
				CLANG_ENABLE_OBJC_WEAK = YES;
				CLANG_WARN_BLOCK_CAPTURE_AUTORELEASING = YES;
				CLANG_WARN_BOOL_CONVERSION = YES;
				CLANG_WARN_COMMA = YES;
				CLANG_WARN_CONSTANT_CONVERSION = YES;
				CLANG_WARN_DEPRECATED_OBJC_IMPLEMENTATIONS = YES;
				CLANG_WARN_DIRECT_OBJC_ISA_USAGE = YES_ERROR;
				CLANG_WARN_DOCUMENTATION_COMMENTS = YES;
				CLANG_WARN_EMPTY_BODY = YES;
				CLANG_WARN_ENUM_CONVERSION = YES;
				CLANG_WARN_INFINITE_RECURSION = YES;
				CLANG_WARN_INT_CONVERSION = YES;
				CLANG_WARN_NON_LITERAL_NULL_CONVERSION = YES;
				CLANG_WARN_OBJC_IMPLICIT_RETAIN_SELF = YES;
				CLANG_WARN_OBJC_LITERAL_CONVERSION = YES;
				CLANG_WARN_OBJC_ROOT_CLASS = YES_ERROR;
				CLANG_WARN_QUOTED_INCLUDE_IN_FRAMEWORK_HEADER = YES;
				CLANG_WARN_RANGE_LOOP_ANALYSIS = YES;
				CLANG_WARN_STRICT_PROTOTYPES = YES;
				CLANG_WARN_SUSPICIOUS_MOVE = YES;
				CLANG_WARN_UNGUARDED_AVAILABILITY = YES_AGGRESSIVE;
				CLANG_WARN_UNREACHABLE_CODE = YES;
				CLANG_WARN__DUPLICATE_METHOD_MATCH = YES;
				COPY_PHASE_STRIP = NO;
				DEBUG_INFORMATION_FORMAT = dwarf;
				ENABLE_STRICT_OBJC_MSGSEND = YES;
				ENABLE_TESTABILITY = YES;
				GCC_C_LANGUAGE_STANDARD = gnu11;
				GCC_DYNAMIC_NO_PIC = NO;
				GCC_NO_COMMON_BLOCKS = YES;
				GCC_OPTIMIZATION_LEVEL = 0;
				GCC_PREPROCESSOR_DEFINITIONS = (
					"$(inherited)",
					"DEBUG=1",
				);
				GCC_WARN_64_TO_32_BIT_CONVERSION = YES;
				GCC_WARN_ABOUT_RETURN_TYPE = YES_ERROR;
				GCC_WARN_UNDECLARED_SELECTOR = YES;
				GCC_WARN_UNINITIALIZED_AUTOS = YES_AGGRESSIVE;
				GCC_WARN_UNUSED_FUNCTION = YES;
				GCC_WARN_UNUSED_VARIABLE = YES;
				MTL_ENABLE_DEBUG_INFO = INCLUDE_SOURCE;
				MTL_FAST_MATH = YES;
				ONLY_ACTIVE_ARCH = YES;
				PRODUCT_NAME = "$(TARGET_NAME)";
				SDKROOT = iphoneos;
				SWIFT_ACTIVE_COMPILATION_CONDITIONS = DEBUG;
				SWIFT_OPTIMIZATION_LEVEL = "-Onone";
				SWIFT_VERSION = 5.0;
			};
			name = Debug;
		};
/* End XCBuildConfiguration section */

/* Begin XCConfigurationList section */
		2219FD7D2573FFA25C39D86E /* Build configuration list for PBXProject "ImploreApp" */ = {
			isa = XCConfigurationList;
			buildConfigurations = (
				D37FB396B1C29182E1C2190B /* Debug */,
				95358DF5B18FB96FB174548A /* Release */,
			);
			defaultConfigurationIsVisible = 0;
			defaultConfigurationName = Debug;
		};
		62931CB21BC3A7D7E32EF8E1 /* Build configuration list for PBXNativeTarget "ImploreApp-iOS" */ = {
			isa = XCConfigurationList;
			buildConfigurations = (
				4A913F2FCABD5AFD369ECE49 /* Debug */,
				4A887CE22447E364F3471353 /* Release */,
			);
			defaultConfigurationIsVisible = 0;
			defaultConfigurationName = Debug;
		};
/* End XCConfigurationList section */

/* Begin XCLocalSwiftPackageReference section */
		060785234140001905595DE9 /* XCLocalSwiftPackageReference "generated/App" */ = {
			isa = XCLocalSwiftPackageReference;
			relativePath = generated/App;
		};
		311EFDDBCBF76784A39060BB /* XCLocalSwiftPackageReference "generated/Shared" */ = {
			isa = XCLocalSwiftPackageReference;
			relativePath = generated/Shared;
		};
/* End XCLocalSwiftPackageReference section */

/* Begin XCSwiftPackageProductDependency section */
		08AC2D01ADA7F6920CE288A4 /* Shared */ = {
			isa = XCSwiftPackageProductDependency;
			productName = Shared;
		};
		7E3691C5498E1B0EA15431F3 /* App */ = {
			isa = XCSwiftPackageProductDependency;
			productName = App;
		};
/* End XCSwiftPackageProductDependency section */
	};
	rootObject = 0BC732325727D31669A1CDB7 /* Project object */;
}
